<Solution>
  <Folder Name="/01_Pure_vs_Impure_functions/">
    <File Path="StatementVsExpression/Programming Paradigms.png" />
    <File Path="StatementVsExpression/Why C Sharp is a multi-paradigm programming language .png" />
    <Project Path="PureVsImpureFunctions/PureVsImpureFunctions.csproj" />
    <Project Path="StatementVsExpression/StatementVsExpression.csproj" />
  </Folder>
  <Folder Name="/02_FunctionalProgramming/">
    <File Path="Declarative_Vs_Imperative.txt" />
    <File Path="HigherOrderFunctions.txt" />
    <Project Path="FunctionalProgramming/FunctionalProgramming.csproj" />
  </Folder>
  <Folder Name="/03_What_Is_LINQ/">
    <File Path="LINQ.txt" />
    <Project Path="03_Shared/03_Shared.csproj" />
    <Project Path="Example01/Example01.csproj" />
    <Project Path="Example02/Example02.csproj" />
    <Project Path="Example03/Example03.csproj" />
  </Folder>
  <Folder Name="/04_Projection_Operation/">
    <Project Path="ProjectUsingSelect/ProjectUsingSelect.csproj" />
    <Project Path="ProjectUsingSelectMany/ProjectUsingSelectMany.csproj" />
    <Project Path="ProjectUsingZip/ProjectUsingZip.csproj" />
    <Project Path="_04_Shared/_04_Shared.csproj" />
  </Folder>
  <Folder Name="/05_Sorting_Data/">
    <Project Path="ClassLibrary1/_05_Shared.csproj" Id="b289effd-9564-4974-8197-5caad0b78023" />
    <Project Path="OrderBy/OrderBy.csproj" Id="d473071e-7a96-4af1-a6fe-cec2f54cdafa" />
    <Project Path="OrderByWithComparer/OrderByWithComparer.csproj" Id="13b72280-c031-42bb-b9f0-ceed2eda90fb" />
    <Project Path="Reverse/Reverse.csproj" Id="b23ad8a3-2f38-4a04-a48c-122280e4fff8" />
    <Project Path="Then-By/Then-By.csproj" Id="ebdadb75-aea7-4638-ad3e-6483a3bab16b" />
  </Folder>
</Solution>
