<Solution>
  <Folder Name="/01_Pure_vs_Impure_functions/">
    <File Path="StatementVsExpression/Programming Paradigms.png" />
    <File Path="StatementVsExpression/Why C Sharp is a multi-paradigm programming language .png" />
    <Project Path="PureVsImpureFunctions/PureVsImpureFunctions.csproj" />
    <Project Path="StatementVsExpression/StatementVsExpression.csproj" />
  </Folder>
  <Folder Name="/02_FunctionalProgramming/">
    <File Path="Declarative_Vs_Imperative.txt" />
    <File Path="HigherOrderFunctions.txt" />
    <Project Path="FunctionalProgramming/FunctionalProgramming.csproj" />
  </Folder>
  <Folder Name="/03_What_Is_LINQ/">
    <File Path="LINQ.txt" />
    <Project Path="03_Shared/03_Shared.csproj" />
    <Project Path="Example01/Example01.csproj" />
    <Project Path="Example02/Example02.csproj" />
    <Project Path="Example03/Example03.csproj" />
  </Folder>
  <Folder Name="/04_Projection_Operation/">
    <Project Path="ProjectUsingSelect/ProjectUsingSelect.csproj" />
    <Project Path="ProjectUsingSelectMany/ProjectUsingSelectMany.csproj" />
    <Project Path="ProjectUsingZip/ProjectUsingZip.csproj" />
    <Project Path="_04_Shared/_04_Shared.csproj" />
  </Folder>
  <Folder Name="/05_Sorting_Data/">
    <Project Path="ClassLibrary1/_05_Shared.csproj" Id="b289effd-9564-4974-8197-5caad0b78023" />
    <Project Path="OrderBy/OrderBy.csproj" Id="d473071e-7a96-4af1-a6fe-cec2f54cdafa" />
    <Project Path="OrderByWithComparer/OrderByWithComparer.csproj" Id="13b72280-c031-42bb-b9f0-ceed2eda90fb" />
    <Project Path="Reverse/Reverse.csproj" Id="b23ad8a3-2f38-4a04-a48c-122280e4fff8" />
    <Project Path="Then-By/Then-By.csproj" Id="ebdadb75-aea7-4638-ad3e-6483a3bab16b" />
  </Folder>
  <Folder Name="/06_DataPartitioning/">
    <Project Path="06_Shared/06_Shared.csproj" Id="db37efa7-3882-4635-9d98-a4afd9897a23" />
    <Project Path="Chunk/Chunk.csproj" Id="0c6b6935-048a-4b24-975b-a4a7a88baee3" />
    <Project Path="Pagination/Pagination.csproj" Id="fb2b6f33-d6b1-44ba-937e-0e80c864ed0f" />
    <Project Path="Skip/Skip.csproj" Id="141118b1-9e92-4882-a752-6e3d159c3159" />
    <Project Path="Take/Take.csproj" Id="0a2c2df3-7173-4e5c-b9d0-bd3a6e0c8581" />
  </Folder>
  <Folder Name="/07_Quantifiers/">
    <Project Path="Quantifiers/Quantifiers.csproj" Id="6e68db28-d8c9-41b7-9f0b-7fc755f48037" />
    <Project Path="_07_Shared/_07_Shared.csproj" Id="dd7bcd6b-1c25-470b-989f-5965679b1c5d" />
  </Folder>
  <Folder Name="/08_Grouping/">
    <Project Path="Grouping/Grouping.csproj" Id="793f961e-39b9-4d5a-a50b-845d8431cfa1" />
    <Project Path="_08_Shared/_08_Shared.csproj" Id="9c05ad65-a223-45c7-8fe6-7e81e0ab0147" />
  </Folder>
  <Folder Name="/09_JoinOperators/">
    <Project Path="Join_Operators/Join_Operators.csproj" Id="a98a048f-284e-4c41-b448-d95d9de47835" />
    <Project Path="_09_Shared/_09_Shared.csproj" Id="e81b1ed7-d866-40b3-ad2a-e544b8c7bb76" />
  </Folder>
  <Folder Name="/10_Generation_Operations/">
    <Project Path="DefaultIIfEmpty/DefaultIIfEmpty.csproj" Id="c9de9970-5676-4c88-9dd5-681279c37a09" />
    <Project Path="Empty/Range.csproj" Id="90fdcd63-8287-4fa8-804e-799d0a502704" />
    <Project Path="Repeat/Repeat.csproj" Id="c87069c3-a7d8-4aa0-82c4-b1af2824896e" />
    <Project Path="_10_Shared/_10_Shared.csproj" Id="d5bb8a97-9123-416f-aaa2-6029fcb7472b" />
  </Folder>
  <Folder Name="/ImportantConcepts/">
    <Project Path="DefferedExecution_Vs_ImmediateExecution/DeferredExecution_Vs_ImmediateExecution.csproj" Id="23b6d7b1-3100-4661-aa5f-d72c3acfb7b0" />
  </Folder>
</Solution>
